
Microsoft Visual Studio Solution File, Format Version 12.00
# Visual Studio 15
VisualStudioVersion = 15.0.27130.2024
MinimumVisualStudioVersion = 10.0.40219.1
Project("{FAE04EC0-301F-11D3-BF4B-00C04F79EFBC}") = "SportsLeague", "SportsLeague\SportsLeague.csproj", "{F9D3FB54-4358-4FA3-8E0E-94766EA9B4D3}"
EndProject
Global
	GlobalSection(SolutionConfigurationPlatforms) = preSolution
		Debug|Any CPU = Debug|Any CPU
		Release|Any CPU = Release|Any CPU
	EndGlobalSection
	GlobalSection(ProjectConfigurationPlatforms) = postSolution
		{F9D3FB54-4358-4FA3-8E0E-94766EA9B4D3}.Debug|Any CPU.ActiveCfg = Debug|Any CPU
		{F9D3FB54-4358-4FA3-8E0E-94766EA9B4D3}.Debug|Any CPU.Build.0 = Debug|Any CPU
		{F9D3FB54-4358-4FA3-8E0E-94766EA9B4D3}.Release|Any CPU.ActiveCfg = Release|Any CPU
		{F9D3FB54-4358-4FA3-8E0E-94766EA9B4D3}.Release|Any CPU.Build.0 = Release|Any CPU
	EndGlobalSection
	GlobalSection(SolutionProperties) = preSolution
		HideSolutionNode = FALSE
	EndGlobalSection
	GlobalSection(ExtensibilityGlobals) = postSolution
		SolutionGuid = {0C883A45-7217-42AF-8DEE-397167D2FCCC}
	EndGlobalSection
EndGlobal
